// !$*UTF8*$!
{
	archiveVersion = 1;
	classes = {
	};
	objectVersion = 46;
	objects = {

/* Begin PBXBuildFile section */
		54DAFDEB1C839ABE00EBB8C7 /* AppDelegate.swift in Sources */ = {isa = PBXBuildFile; fileRef = 54DAFDEA1C839ABE00EBB8C7 /* AppDelegate.swift */; };
		54DAFDED1C839ABE00EBB8C7 /* ViewController.swift in Sources */ = {isa = PBXBuildFile; fileRef = 54DAFDEC1C839ABE00EBB8C7 /* ViewController.swift */; };
		54DAFDF01C839ABE00EBB8C7 /* Main.storyboard in Resources */ = {isa = PBXBuildFile; fileRef = 54DAFDEE1C839ABE00EBB8C7 /* Main.storyboard */; };
		54DAFDF21C839ABE00EBB8C7 /* Assets.xcassets in Resources */ = {isa = PBXBuildFile; fileRef = 54DAFDF11C839ABE00EBB8C7 /* Assets.xcassets */; };
		54DAFDF51C839ABE00EBB8C7 /* LaunchScreen.storyboard in Resources */ = {isa = PBXBuildFile; fileRef = 54DAFDF31C839ABE00EBB8C7 /* LaunchScreen.storyboard */; };
		54DAFDFD1C83A52F00EBB8C7 /* Minecraft.ttf in Resources */ = {isa = PBXBuildFile; fileRef = 54DAFDFC1C83A52F00EBB8C7 /* Minecraft.ttf */; };
		54DAFDFF1C84DCBE00EBB8C7 /* btn.wav in Resources */ = {isa = PBXBuildFile; fileRef = 54DAFDFE1C84DCBE00EBB8C7 /* btn.wav */; };
/* End PBXBuildFile section */

/* Begin PBXFileReference section */
		54DAFDE71C839ABE00EBB8C7 /* Retro Calculator.app */ = {isa = PBXFileReference; explicitFileType = wrapper.application; includeInIndex = 0; path = "Retro Calculator.app"; sourceTree = BUILT_PRODUCTS_DIR; };
		54DAFDEA1C839ABE00EBB8C7 /* AppDelegate.swift */ = {isa = PBXFileReference; lastKnownFileType = sourcecode.swift; path = AppDelegate.swift; sourceTree = "<group>"; };
		54DAFDEC1C839ABE00EBB8C7 /* ViewController.swift */ = {isa = PBXFileReference; lastKnownFileType = sourcecode.swift; path = ViewController.swift; sourceTree = "<group>"; };
		54DAFDEF1C839ABE00EBB8C7 /* Base */ = {isa = PBXFileReference; lastKnownFileType = file.storyboard; name = Base; path = Base.lproj/Main.storyboard; sourceTree = "<group>"; };
		54DAFDF11C839ABE00EBB8C7 /* Assets.xcassets */ = {isa = PBXFileReference; lastKnownFileType = folder.assetcatalog; path = Assets.xcassets; sourceTree = "<group>"; };
		54DAFDF41C839ABE00EBB8C7 /* Base */ = {isa = PBXFileReference; lastKnownFileType = file.storyboard; name = Base; path = Base.lproj/LaunchScreen.storyboard; sourceTree = "<group>"; };
		54DAFDF61C839ABE00EBB8C7 /* Info.plist */ = {isa = PBXFileReference; lastKnownFileType = text.plist.xml; path = Info.plist; sourceTree = "<group>"; };
		54DAFDFC1C83A52F00EBB8C7 /* Minecraft.ttf */ = {isa = PBXFileReference; lastKnownFileType = file; name = Minecraft.ttf; path = ../Minecraft.ttf; sourceTree = "<group>"; };
		54DAFDFE1C84DCBE00EBB8C7 /* btn.wav */ = {isa = PBXFileReference; lastKnownFileType = audio.wav; path = btn.wav; sourceTree = "<group>"; };
/* End PBXFileReference section */

/* Begin PBXFrameworksBuildPhase section */
		54DAFDE41C839ABE00EBB8C7 /* Frameworks */ = {
			isa = PBXFrameworksBuildPhase;
			buildActionMask = 2147483647;
			files = (
			);
			runOnlyForDeploymentPostprocessing = 0;
		};
/* End PBXFrameworksBuildPhase section */

/* Begin PBXGroup section */
		54DAFDDE1C839ABE00EBB8C7 = {
			isa = PBXGroup;
			children = (
				54DAFDE91C839ABE00EBB8C7 /* Retro Calculator */,
				54DAFDE81C839ABE00EBB8C7 /* Products */,
			);
			sourceTree = "<group>";
		};
		54DAFDE81C839ABE00EBB8C7 /* Products */ = {
			isa = PBXGroup;
			children = (
				54DAFDE71C839ABE00EBB8C7 /* Retro Calculator.app */,
			);
			name = Products;
			sourceTree = "<group>";
		};
		54DAFDE91C839ABE00EBB8C7 /* Retro Calculator */ = {
			isa = PBXGroup;
			children = (
				54DAFDFC1C83A52F00EBB8C7 /* Minecraft.ttf */,
				54DAFDFE1C84DCBE00EBB8C7 /* btn.wav */,
				54DAFDEA1C839ABE00EBB8C7 /* AppDelegate.swift */,
				54DAFDEC1C839ABE00EBB8C7 /* ViewController.swift */,
				54DAFDEE1C839ABE00EBB8C7 /* Main.storyboard */,
				54DAFDF11C839ABE00EBB8C7 /* Assets.xcassets */,
				54DAFDF31C839ABE00EBB8C7 /* LaunchScreen.storyboard */,
				54DAFDF61C839ABE00EBB8C7 /* Info.plist */,
			);
			path = "Retro Calculator";
			sourceTree = "<group>";
		};
/* End PBXGroup section */

/* Begin PBXNativeTarget section */
		54DAFDE61C839ABE00EBB8C7 /* Retro Calculator */ = {
			isa = PBXNativeTarget;
			buildConfigurationList = 54DAFDF91C839ABE00EBB8C7 /* Build configuration list for PBXNativeTarget "Retro Calculator" */;
			buildPhases = (
				54DAFDE31C839ABE00EBB8C7 /* Sources */,
				54DAFDE41C839ABE00EBB8C7 /* Frameworks */,
				54DAFDE51C839ABE00EBB8C7 /* Resources */,
			);
			buildRules = (
			);
			dependencies = (
			);
			name = "Retro Calculator";
			productName = "Retro Calculator";
			productReference = 54DAFDE71C839ABE00EBB8C7 /* Retro Calculator.app */;
			productType = "com.apple.product-type.application";
		};
/* End PBXNativeTarget section */

/* Begin PBXProject section */
		54DAFDDF1C839ABE00EBB8C7 /* Project object */ = {
			isa = PBXProject;
			attributes = {
				LastSwiftUpdateCheck = 0720;
				LastUpgradeCheck = 0720;
				ORGANIZATIONNAME = "Florian Poncelin";
				TargetAttributes = {
					54DAFDE61C839ABE00EBB8C7 = {
						CreatedOnToolsVersion = 7.2.1;
						DevelopmentTeam = N64D7CJF29;
					};
				};
			};
			buildConfigurationList = 54DAFDE21C839ABE00EBB8C7 /* Build configuration list for PBXProject "Retro Calculator" */;
			compatibilityVersion = "Xcode 3.2";
			developmentRegion = English;
			hasScannedForEncodings = 0;
			knownRegions = (
				en,
				Base,
			);
			mainGroup = 54DAFDDE1C839ABE00EBB8C7;
			productRefGroup = 54DAFDE81C839ABE00EBB8C7 /* Products */;
			projectDirPath = "";
			projectRoot = "";
			targets = (
				54DAFDE61C839ABE00EBB8C7 /* Retro Calculator */,
			);
		};
/* End PBXProject section */

/* Begin PBXResourcesBuildPhase section */
		54DAFDE51C839ABE00EBB8C7 /* Resources */ = {
			isa = PBXResourcesBuildPhase;
			buildActionMask = 2147483647;
			files = (
				54DAFDFF1C84DCBE00EBB8C7 /* btn.wav in Resources */,
				54DAFDF51C839ABE00EBB8C7 /* LaunchScreen.storyboard in Resources */,
				54DAFDF21C839ABE00EBB8C7 /* Assets.xcassets in Resources */,
				54DAFDFD1C83A52F00EBB8C7 /* Minecraft.ttf in Resources */,
				54DAFDF01C839ABE00EBB8C7 /* Main.storyboard in Resources */,
			);
			runOnlyForDeploymentPostprocessing = 0;
		};
/* End PBXResourcesBuildPhase section */

/* Begin PBXSourcesBuildPhase section */
		54DAFDE31C839ABE00EBB8C7 /* Sources */ = {
			isa = PBXSourcesBuildPhase;
			buildActionMask = 2147483647;
			files = (
				54DAFDED1C839ABE00EBB8C7 /* ViewController.swift in Sources */,
				54DAFDEB1C839ABE00EBB8C7 /* AppDelegate.swift in Sources */,
			);
			runOnlyForDeploymentPostprocessing = 0;
		};
/* End PBXSourcesBuildPhase section */

/* Begin PBXVariantGroup section */
		54DAFDEE1C839ABE00EBB8C7 /* Main.storyboard */ = {
			isa = PBXVariantGroup;
			children = (
				54DAFDEF1C839ABE00EBB8C7 /* Base */,
			);
			name = Main.storyboard;
			sourceTree = "<group>";
		};
		54DAFDF31C839ABE00EBB8C7 /* LaunchScreen.storyboard */ = {
			isa = PBXVariantGroup;
			children = (
				54DAFDF41C839ABE00EBB8C7 /* Base */,
			);
			name = LaunchScreen.storyboard;
			sourceTree = "<group>";
		};
/* End PBXVariantGroup section */

/* Begin XCBuildConfiguration section */
		54DAFDF71C839ABE00EBB8C7 /* Debug */ = {
			isa = XCBuildConfiguration;
			buildSettings = {
				ALWAYS_SEARCH_USER_PATHS = NO;
				CLANG_CXX_LANGUAGE_STANDARD = "gnu++0x";
				CLANG_CXX_LIBRARY = "libc++";
				CLANG_ENABLE_MODULES = YES;
				CLANG_ENABLE_OBJC_ARC = YES;
				CLANG_WARN_BOOL_CONVERSION = YES;
				CLANG_WARN_CONSTANT_CONVERSION = YES;
				CLANG_WARN_DIRECT_OBJC_ISA_USAGE = YES_ERROR;
				CLANG_WARN_EMPTY_BODY = YES;
				CLANG_WARN_ENUM_CONVERSION = YES;
				CLANG_WARN_INT_CONVERSION = YES;
				CLANG_WARN_OBJC_ROOT_CLASS = YES_ERROR;
				CLANG_WARN_UNREACHABLE_CODE = YES;
				CLANG_WARN__DUPLICATE_METHOD_MATCH = YES;
				"CODE_SIGN_IDENTITY[sdk=iphoneos*]" = "iPhone Developer";
				COPY_PHASE_STRIP = NO;
				DEBUG_INFORMATION_FORMAT = dwarf;
				ENABLE_STRICT_OBJC_MSGSEND = YES;
				ENABLE_TESTABILITY = YES;
				GCC_C_LANGUAGE_STANDARD = gnu99;
				GCC_DYNAMIC_NO_PIC = NO;
				GCC_NO_COMMON_BLOCKS = YES;
				GCC_OPTIMIZATION_LEVEL = 0;
				GCC_PREPROCESSOR_DEFINITIONS = (
					"DEBUG=1",
					"$(inherited)",
				);
				GCC_WARN_64_TO_32_BIT_CONVERSION = YES;
				GCC_WARN_ABOUT_RETURN_TYPE = YES_ERROR;
				GCC_WARN_UNDECLARED_SELECTOR = YES;
				GCC_WARN_UNINITIALIZED_AUTOS = YES_AGGRESSIVE;
				GCC_WARN_UNUSED_FUNCTION = YES;
				GCC_WARN_UNUSED_VARIABLE = YES;
				IPHONEOS_DEPLOYMENT_TARGET = 9.2;
				MTL_ENABLE_DEBUG_INFO = YES;
				ONLY_ACTIVE_ARCH = YES;
				SDKROOT = iphoneos;
				SWIFT_OPTIMIZATION_LEVEL = "-Onone";
			};
			name = Debug;
		};
		54DAFDF81C839ABE00EBB8C7 /* Release */ = {
			isa = XCBuildConfiguration;
			buildSettings = {
				ALWAYS_SEARCH_USER_PATHS = NO;
				CLANG_CXX_LANGUAGE_STANDARD = "gnu++0x";
				CLANG_CXX_LIBRARY = "libc++";
				CLANG_ENABLE_MODULES = YES;
				CLANG_ENABLE_OBJC_ARC = YES;
				CLANG_WARN_BOOL_CONVERSION = YES;
				CLANG_WARN_CONSTANT_CONVERSION = YES;
				CLANG_WARN_DIRECT_OBJC_ISA_USAGE = YES_ERROR;
				CLANG_WARN_EMPTY_BODY = YES;
				CLANG_WARN_ENUM_CONVERSION = YES;
				CLANG_WARN_INT_CONVERSION = YES;
				CLANG_WARN_OBJC_ROOT_CLASS = YES_ERROR;
				CLANG_WARN_UNREACHABLE_CODE = YES;
				CLANG_WARN__DUPLICATE_METHOD_MATCH = YES;
				"CODE_SIGN_IDENTITY[sdk=iphoneos*]" = "iPhone Developer";
				COPY_PHASE_STRIP = NO;
				DEBUG_INFORMATION_FORMAT = "dwarf-with-dsym";
				ENABLE_NS_ASSERTIONS = NO;
				ENABLE_STRICT_OBJC_MSGSEND = YES;
				GCC_C_LANGUAGE_STANDARD = gnu99;
				GCC_NO_COMMON_BLOCKS = YES;
				GCC_WARN_64_TO_32_BIT_CONVERSION = YES;
				GCC_WARN_ABOUT_RETURN_TYPE = YES_ERROR;
				GCC_WARN_UNDECLARED_SELECTOR = YES;
				GCC_WARN_UNINITIALIZED_AUTOS = YES_AGGRESSIVE;
				GCC_WARN_UNUSED_FUNCTION = YES;
				GCC_WARN_UNUSED_VARIABLE = YES;
				IPHONEOS_DEPLOYMENT_TARGET = 9.2;
				MTL_ENABLE_DEBUG_INFO = NO;
				SDKROOT = iphoneos;
				VALIDATE_PRODUCT = YES;
			};
			name = Release;
		};
		54DAFDFA1C839ABE00EBB8C7 /* Debug */ = {
			isa = XCBuildConfiguration;
			buildSettings = {
				ASSETCATALOG_COMPILER_APPICON_NAME = AppIcon;
				INFOPLIST_FILE = "Retro Calculator/Info.plist";
				LD_RUNPATH_SEARCH_PATHS = "$(inherited) @executable_path/Frameworks";
				PRODUCT_BUNDLE_IDENTIFIER = "com.florianponcelin.Retro-Calculator";
				PRODUCT_NAME = "$(TARGET_NAME)";
			};
			name = Debug;
		};
		54DAFDFB1C839ABE00EBB8C7 /* Release */ = {
			isa = XCBuildConfiguration;
			buildSettings = {
				ASSETCATALOG_COMPILER_APPICON_NAME = AppIcon;
				INFOPLIST_FILE = "Retro Calculator/Info.plist";
				LD_RUNPATH_SEARCH_PATHS = "$(inherited) @executable_path/Frameworks";
				PRODUCT_BUNDLE_IDENTIFIER = "com.florianponcelin.Retro-Calculator";
				PRODUCT_NAME = "$(TARGET_NAME)";
			};
			name = Release;
		};
/* End XCBuildConfiguration section */

/* Begin XCConfigurationList section */
		54DAFDE21C839ABE00EBB8C7 /* Build configuration list for PBXProject "Retro Calculator" */ = {
			isa = XCConfigurationList;
			buildConfigurations = (
				54DAFDF71C839ABE00EBB8C7 /* Debug */,
				54DAFDF81C839ABE00EBB8C7 /* Release */,
			);
			defaultConfigurationIsVisible = 0;
			defaultConfigurationName = Release;
		};
		54DAFDF91C839ABE00EBB8C7 /* Build configuration list for PBXNativeTarget "Retro Calculator" */ = {
			isa = XCConfigurationList;
			buildConfigurations = (
				54DAFDFA1C839ABE00EBB8C7 /* Debug */,
				54DAFDFB1C839ABE00EBB8C7 /* Release */,
			);
			defaultConfigurationIsVisible = 0;
			defaultConfigurationName = Release;
		};
/* End XCConfigurationList section */
	};
	rootObject = 54DAFDDF1C839ABE00EBB8C7 /* Project object */;
}
